
Microsoft Visual Studio Solution File, Format Version 12.00
# Visual Studio 2013
VisualStudioVersion = 12.0.31101.0
MinimumVisualStudioVersion = 10.0.40219.1
Project("{FAE04EC0-301F-11D3-BF4B-00C04F79EFBC}") = "QbXml", "src\QbXml\QbXml.csproj", "{90BE199D-5652-46B9-9C96-DFA9229B129C}"
EndProject
Project("{FAE04EC0-301F-11D3-BF4B-00C04F79EFBC}") = "WebConnector", "src\WebConnector\WebConnector.csproj", "{295C6B66-72D5-42DE-9713-DB8CFD3508BD}"
EndProject
Project("{FAE04EC0-301F-11D3-BF4B-00C04F79EFBC}") = "QbXml.Tests", "test\QbXml.Tests\QbXml.Tests.csproj", "{BBDA696E-1ACB-4D34-A79F-4DF35C62F56A}"
EndProject
Project("{FAE04EC0-301F-11D3-BF4B-00C04F79EFBC}") = "WebConnector.Tests", "test\WebConnector.Tests\WebConnector.Tests.csproj", "{0F73DBB5-3752-4427-B8D2-DDACF3252FD8}"
EndProject
Project("{FAE04EC0-301F-11D3-BF4B-00C04F79EFBC}") = "XsdGenerator", "src\XsdGenerator\XsdGenerator.csproj", "{0D55C4EE-9DDB-45EA-B5BF-4C8D67068494}"
EndProject
Global
	GlobalSection(SolutionConfigurationPlatforms) = preSolution
		Debug|Any CPU = Debug|Any CPU
		Release|Any CPU = Release|Any CPU
	EndGlobalSection
	GlobalSection(ProjectConfigurationPlatforms) = postSolution
		{90BE199D-5652-46B9-9C96-DFA9229B129C}.Debug|Any CPU.ActiveCfg = Debug|Any CPU
		{90BE199D-5652-46B9-9C96-DFA9229B129C}.Debug|Any CPU.Build.0 = Debug|Any CPU
		{90BE199D-5652-46B9-9C96-DFA9229B129C}.Release|Any CPU.ActiveCfg = Release|Any CPU
		{90BE199D-5652-46B9-9C96-DFA9229B129C}.Release|Any CPU.Build.0 = Release|Any CPU
		{295C6B66-72D5-42DE-9713-DB8CFD3508BD}.Debug|Any CPU.ActiveCfg = Debug|Any CPU
		{295C6B66-72D5-42DE-9713-DB8CFD3508BD}.Debug|Any CPU.Build.0 = Debug|Any CPU
		{295C6B66-72D5-42DE-9713-DB8CFD3508BD}.Release|Any CPU.ActiveCfg = Release|Any CPU
		{295C6B66-72D5-42DE-9713-DB8CFD3508BD}.Release|Any CPU.Build.0 = Release|Any CPU
		{BBDA696E-1ACB-4D34-A79F-4DF35C62F56A}.Debug|Any CPU.ActiveCfg = Debug|Any CPU
		{BBDA696E-1ACB-4D34-A79F-4DF35C62F56A}.Debug|Any CPU.Build.0 = Debug|Any CPU
		{BBDA696E-1ACB-4D34-A79F-4DF35C62F56A}.Release|Any CPU.ActiveCfg = Release|Any CPU
		{BBDA696E-1ACB-4D34-A79F-4DF35C62F56A}.Release|Any CPU.Build.0 = Release|Any CPU
		{0F73DBB5-3752-4427-B8D2-DDACF3252FD8}.Debug|Any CPU.ActiveCfg = Debug|Any CPU
		{0F73DBB5-3752-4427-B8D2-DDACF3252FD8}.Debug|Any CPU.Build.0 = Debug|Any CPU
		{0F73DBB5-3752-4427-B8D2-DDACF3252FD8}.Release|Any CPU.ActiveCfg = Release|Any CPU
		{0F73DBB5-3752-4427-B8D2-DDACF3252FD8}.Release|Any CPU.Build.0 = Release|Any CPU
		{0D55C4EE-9DDB-45EA-B5BF-4C8D67068494}.Debug|Any CPU.ActiveCfg = Debug|Any CPU
		{0D55C4EE-9DDB-45EA-B5BF-4C8D67068494}.Debug|Any CPU.Build.0 = Debug|Any CPU
		{0D55C4EE-9DDB-45EA-B5BF-4C8D67068494}.Release|Any CPU.ActiveCfg = Release|Any CPU
		{0D55C4EE-9DDB-45EA-B5BF-4C8D67068494}.Release|Any CPU.Build.0 = Release|Any CPU
	EndGlobalSection
	GlobalSection(SolutionProperties) = preSolution
		HideSolutionNode = FALSE
	EndGlobalSection
EndGlobal
